// !$*UTF8*$!
{
	archiveVersion = 1;
	classes = {
	};
	objectVersion = 46;
	objects = {

/* Begin PBXBuildFile section */
		059D37771F2886B4004CF389 /* main.m in Sources */ = {isa = PBXBuildFile; fileRef = 059D37761F2886B4004CF389 /* main.m */; };
		059D377A1F2886B4004CF389 /* AppDelegate.m in Sources */ = {isa = PBXBuildFile; fileRef = 059D37791F2886B4004CF389 /* AppDelegate.m */; };
		059D37801F2886B4004CF389 /* Main.storyboard in Resources */ = {isa = PBXBuildFile; fileRef = 059D377E1F2886B4004CF389 /* Main.storyboard */; };
		059D37821F2886B4004CF389 /* Assets.xcassets in Resources */ = {isa = PBXBuildFile; fileRef = 059D37811F2886B4004CF389 /* Assets.xcassets */; };
		059D37851F2886B4004CF389 /* LaunchScreen.storyboard in Resources */ = {isa = PBXBuildFile; fileRef = 059D37831F2886B4004CF389 /* LaunchScreen.storyboard */; };
		059D37901F2886B4004CF389 /* UITableView_WaterFallTests.m in Sources */ = {isa = PBXBuildFile; fileRef = 059D378F1F2886B4004CF389 /* UITableView_WaterFallTests.m */; };
		059D379B1F2886B4004CF389 /* UITableView_WaterFallUITests.m in Sources */ = {isa = PBXBuildFile; fileRef = 059D379A1F2886B4004CF389 /* UITableView_WaterFallUITests.m */; };
		059D37C01F2886D3004CF389 /* 0.jpg in Resources */ = {isa = PBXBuildFile; fileRef = 059D37A91F2886D3004CF389 /* 0.jpg */; };
		059D37C11F2886D3004CF389 /* 1.jpg in Resources */ = {isa = PBXBuildFile; fileRef = 059D37AA1F2886D3004CF389 /* 1.jpg */; };
		059D37C21F2886D3004CF389 /* 10.jpg in Resources */ = {isa = PBXBuildFile; fileRef = 059D37AB1F2886D3004CF389 /* 10.jpg */; };
		059D37C31F2886D3004CF389 /* 11.jpg in Resources */ = {isa = PBXBuildFile; fileRef = 059D37AC1F2886D3004CF389 /* 11.jpg */; };
		059D37C41F2886D3004CF389 /* 12.jpg in Resources */ = {isa = PBXBuildFile; fileRef = 059D37AD1F2886D3004CF389 /* 12.jpg */; };
		059D37C51F2886D3004CF389 /* 13.jpg in Resources */ = {isa = PBXBuildFile; fileRef = 059D37AE1F2886D3004CF389 /* 13.jpg */; };
		059D37C61F2886D3004CF389 /* 14.jpg in Resources */ = {isa = PBXBuildFile; fileRef = 059D37AF1F2886D3004CF389 /* 14.jpg */; };
		059D37C71F2886D3004CF389 /* 15.jpg in Resources */ = {isa = PBXBuildFile; fileRef = 059D37B01F2886D3004CF389 /* 15.jpg */; };
		059D37C81F2886D3004CF389 /* 16.jpg in Resources */ = {isa = PBXBuildFile; fileRef = 059D37B11F2886D3004CF389 /* 16.jpg */; };
		059D37C91F2886D3004CF389 /* 17.jpg in Resources */ = {isa = PBXBuildFile; fileRef = 059D37B21F2886D3004CF389 /* 17.jpg */; };
		059D37CA1F2886D3004CF389 /* 18.jpg in Resources */ = {isa = PBXBuildFile; fileRef = 059D37B31F2886D3004CF389 /* 18.jpg */; };
		059D37CB1F2886D3004CF389 /* 2.jpg in Resources */ = {isa = PBXBuildFile; fileRef = 059D37B41F2886D3004CF389 /* 2.jpg */; };
		059D37CC1F2886D3004CF389 /* 3.jpg in Resources */ = {isa = PBXBuildFile; fileRef = 059D37B51F2886D3004CF389 /* 3.jpg */; };
		059D37CD1F2886D3004CF389 /* 4.jpg in Resources */ = {isa = PBXBuildFile; fileRef = 059D37B61F2886D3004CF389 /* 4.jpg */; };
		059D37CE1F2886D3004CF389 /* 5.jpg in Resources */ = {isa = PBXBuildFile; fileRef = 059D37B71F2886D3004CF389 /* 5.jpg */; };
		059D37CF1F2886D3004CF389 /* 6.jpg in Resources */ = {isa = PBXBuildFile; fileRef = 059D37B81F2886D3004CF389 /* 6.jpg */; };
		059D37D01F2886D3004CF389 /* 7.jpg in Resources */ = {isa = PBXBuildFile; fileRef = 059D37B91F2886D3004CF389 /* 7.jpg */; };
		059D37D11F2886D3004CF389 /* 8.jpg in Resources */ = {isa = PBXBuildFile; fileRef = 059D37BA1F2886D3004CF389 /* 8.jpg */; };
		059D37D21F2886D3004CF389 /* 9.jpg in Resources */ = {isa = PBXBuildFile; fileRef = 059D37BB1F2886D3004CF389 /* 9.jpg */; };
		059D37D31F2886D3004CF389 /* ViewController.m in Sources */ = {isa = PBXBuildFile; fileRef = 059D37BD1F2886D3004CF389 /* ViewController.m */; };
		059D37D41F2886D3004CF389 /* TableViewCell.m in Sources */ = {isa = PBXBuildFile; fileRef = 059D37BF1F2886D3004CF389 /* TableViewCell.m */; };
/* End PBXBuildFile section */

/* Begin PBXContainerItemProxy section */
		059D378C1F2886B4004CF389 /* PBXContainerItemProxy */ = {
			isa = PBXContainerItemProxy;
			containerPortal = 059D376A1F2886B4004CF389 /* Project object */;
			proxyType = 1;
			remoteGlobalIDString = 059D37711F2886B4004CF389;
			remoteInfo = "UITableView-WaterFall";
		};
		059D37971F2886B4004CF389 /* PBXContainerItemProxy */ = {
			isa = PBXContainerItemProxy;
			containerPortal = 059D376A1F2886B4004CF389 /* Project object */;
			proxyType = 1;
			remoteGlobalIDString = 059D37711F2886B4004CF389;
			remoteInfo = "UITableView-WaterFall";
		};
/* End PBXContainerItemProxy section */

/* Begin PBXFileReference section */
		059D37721F2886B4004CF389 /* UITableView-WaterFall.app */ = {isa = PBXFileReference; explicitFileType = wrapper.application; includeInIndex = 0; path = "UITableView-WaterFall.app"; sourceTree = BUILT_PRODUCTS_DIR; };
		059D37761F2886B4004CF389 /* main.m */ = {isa = PBXFileReference; lastKnownFileType = sourcecode.c.objc; path = main.m; sourceTree = "<group>"; };
		059D37781F2886B4004CF389 /* AppDelegate.h */ = {isa = PBXFileReference; lastKnownFileType = sourcecode.c.h; path = AppDelegate.h; sourceTree = "<group>"; };
		059D37791F2886B4004CF389 /* AppDelegate.m */ = {isa = PBXFileReference; lastKnownFileType = sourcecode.c.objc; path = AppDelegate.m; sourceTree = "<group>"; };
		059D377F1F2886B4004CF389 /* Base */ = {isa = PBXFileReference; lastKnownFileType = file.storyboard; name = Base; path = Base.lproj/Main.storyboard; sourceTree = "<group>"; };
		059D37811F2886B4004CF389 /* Assets.xcassets */ = {isa = PBXFileReference; lastKnownFileType = folder.assetcatalog; path = Assets.xcassets; sourceTree = "<group>"; };
		059D37841F2886B4004CF389 /* Base */ = {isa = PBXFileReference; lastKnownFileType = file.storyboard; name = Base; path = Base.lproj/LaunchScreen.storyboard; sourceTree = "<group>"; };
		059D37861F2886B4004CF389 /* Info.plist */ = {isa = PBXFileReference; lastKnownFileType = text.plist.xml; path = Info.plist; sourceTree = "<group>"; };
		059D378B1F2886B4004CF389 /* UITableView-WaterFallTests.xctest */ = {isa = PBXFileReference; explicitFileType = wrapper.cfbundle; includeInIndex = 0; path = "UITableView-WaterFallTests.xctest"; sourceTree = BUILT_PRODUCTS_DIR; };
		059D378F1F2886B4004CF389 /* UITableView_WaterFallTests.m */ = {isa = PBXFileReference; lastKnownFileType = sourcecode.c.objc; path = UITableView_WaterFallTests.m; sourceTree = "<group>"; };
		059D37911F2886B4004CF389 /* Info.plist */ = {isa = PBXFileReference; lastKnownFileType = text.plist.xml; path = Info.plist; sourceTree = "<group>"; };
		059D37961F2886B4004CF389 /* UITableView-WaterFallUITests.xctest */ = {isa = PBXFileReference; explicitFileType = wrapper.cfbundle; includeInIndex = 0; path = "UITableView-WaterFallUITests.xctest"; sourceTree = BUILT_PRODUCTS_DIR; };
		059D379A1F2886B4004CF389 /* UITableView_WaterFallUITests.m */ = {isa = PBXFileReference; lastKnownFileType = sourcecode.c.objc; path = UITableView_WaterFallUITests.m; sourceTree = "<group>"; };
		059D379C1F2886B4004CF389 /* Info.plist */ = {isa = PBXFileReference; lastKnownFileType = text.plist.xml; path = Info.plist; sourceTree = "<group>"; };
		059D37A91F2886D3004CF389 /* 0.jpg */ = {isa = PBXFileReference; lastKnownFileType = image.jpeg; path = 0.jpg; sourceTree = "<group>"; };
		059D37AA1F2886D3004CF389 /* 1.jpg */ = {isa = PBXFileReference; lastKnownFileType = image.jpeg; path = 1.jpg; sourceTree = "<group>"; };
		059D37AB1F2886D3004CF389 /* 10.jpg */ = {isa = PBXFileReference; lastKnownFileType = image.jpeg; path = 10.jpg; sourceTree = "<group>"; };
		059D37AC1F2886D3004CF389 /* 11.jpg */ = {isa = PBXFileReference; lastKnownFileType = image.jpeg; path = 11.jpg; sourceTree = "<group>"; };
		059D37AD1F2886D3004CF389 /* 12.jpg */ = {isa = PBXFileReference; lastKnownFileType = image.jpeg; path = 12.jpg; sourceTree = "<group>"; };
		059D37AE1F2886D3004CF389 /* 13.jpg */ = {isa = PBXFileReference; lastKnownFileType = image.jpeg; path = 13.jpg; sourceTree = "<group>"; };
		059D37AF1F2886D3004CF389 /* 14.jpg */ = {isa = PBXFileReference; lastKnownFileType = image.jpeg; path = 14.jpg; sourceTree = "<group>"; };
		059D37B01F2886D3004CF389 /* 15.jpg */ = {isa = PBXFileReference; lastKnownFileType = image.jpeg; path = 15.jpg; sourceTree = "<group>"; };
		059D37B11F2886D3004CF389 /* 16.jpg */ = {isa = PBXFileReference; lastKnownFileType = image.jpeg; path = 16.jpg; sourceTree = "<group>"; };
		059D37B21F2886D3004CF389 /* 17.jpg */ = {isa = PBXFileReference; lastKnownFileType = image.jpeg; path = 17.jpg; sourceTree = "<group>"; };
		059D37B31F2886D3004CF389 /* 18.jpg */ = {isa = PBXFileReference; lastKnownFileType = image.jpeg; path = 18.jpg; sourceTree = "<group>"; };
		059D37B41F2886D3004CF389 /* 2.jpg */ = {isa = PBXFileReference; lastKnownFileType = image.jpeg; path = 2.jpg; sourceTree = "<group>"; };
		059D37B51F2886D3004CF389 /* 3.jpg */ = {isa = PBXFileReference; lastKnownFileType = image.jpeg; path = 3.jpg; sourceTree = "<group>"; };
		059D37B61F2886D3004CF389 /* 4.jpg */ = {isa = PBXFileReference; lastKnownFileType = image.jpeg; path = 4.jpg; sourceTree = "<group>"; };
		059D37B71F2886D3004CF389 /* 5.jpg */ = {isa = PBXFileReference; lastKnownFileType = image.jpeg; path = 5.jpg; sourceTree = "<group>"; };
		059D37B81F2886D3004CF389 /* 6.jpg */ = {isa = PBXFileReference; lastKnownFileType = image.jpeg; path = 6.jpg; sourceTree = "<group>"; };
		059D37B91F2886D3004CF389 /* 7.jpg */ = {isa = PBXFileReference; lastKnownFileType = image.jpeg; path = 7.jpg; sourceTree = "<group>"; };
		059D37BA1F2886D3004CF389 /* 8.jpg */ = {isa = PBXFileReference; lastKnownFileType = image.jpeg; path = 8.jpg; sourceTree = "<group>"; };
		059D37BB1F2886D3004CF389 /* 9.jpg */ = {isa = PBXFileReference; lastKnownFileType = image.jpeg; path = 9.jpg; sourceTree = "<group>"; };
		059D37BC1F2886D3004CF389 /* ViewController.h */ = {isa = PBXFileReference; fileEncoding = 4; lastKnownFileType = sourcecode.c.h; path = ViewController.h; sourceTree = "<group>"; };
		059D37BD1F2886D3004CF389 /* ViewController.m */ = {isa = PBXFileReference; fileEncoding = 4; lastKnownFileType = sourcecode.c.objc; path = ViewController.m; sourceTree = "<group>"; };
		059D37BE1F2886D3004CF389 /* TableViewCell.h */ = {isa = PBXFileReference; fileEncoding = 4; lastKnownFileType = sourcecode.c.h; path = TableViewCell.h; sourceTree = "<group>"; };
		059D37BF1F2886D3004CF389 /* TableViewCell.m */ = {isa = PBXFileReference; fileEncoding = 4; lastKnownFileType = sourcecode.c.objc; path = TableViewCell.m; sourceTree = "<group>"; };
/* End PBXFileReference section */

/* Begin PBXFrameworksBuildPhase section */
		059D376F1F2886B4004CF389 /* Frameworks */ = {
			isa = PBXFrameworksBuildPhase;
			buildActionMask = 2147483647;
			files = (
			);
			runOnlyForDeploymentPostprocessing = 0;
		};
		059D37881F2886B4004CF389 /* Frameworks */ = {
			isa = PBXFrameworksBuildPhase;
			buildActionMask = 2147483647;
			files = (
			);
			runOnlyForDeploymentPostprocessing = 0;
		};
		059D37931F2886B4004CF389 /* Frameworks */ = {
			isa = PBXFrameworksBuildPhase;
			buildActionMask = 2147483647;
			files = (
			);
			runOnlyForDeploymentPostprocessing = 0;
		};
/* End PBXFrameworksBuildPhase section */

/* Begin PBXGroup section */
		059D37691F2886B4004CF389 = {
			isa = PBXGroup;
			children = (
				059D37741F2886B4004CF389 /* UITableView-WaterFall */,
				059D378E1F2886B4004CF389 /* UITableView-WaterFallTests */,
				059D37991F2886B4004CF389 /* UITableView-WaterFallUITests */,
				059D37731F2886B4004CF389 /* Products */,
			);
			sourceTree = "<group>";
		};
		059D37731F2886B4004CF389 /* Products */ = {
			isa = PBXGroup;
			children = (
				059D37721F2886B4004CF389 /* UITableView-WaterFall.app */,
				059D378B1F2886B4004CF389 /* UITableView-WaterFallTests.xctest */,
				059D37961F2886B4004CF389 /* UITableView-WaterFallUITests.xctest */,
			);
			name = Products;
			sourceTree = "<group>";
		};
		059D37741F2886B4004CF389 /* UITableView-WaterFall */ = {
			isa = PBXGroup;
			children = (
				059D37781F2886B4004CF389 /* AppDelegate.h */,
				059D37791F2886B4004CF389 /* AppDelegate.m */,
				059D37A81F2886D3004CF389 /* Car */,
				059D37BC1F2886D3004CF389 /* ViewController.h */,
				059D37BD1F2886D3004CF389 /* ViewController.m */,
				059D37BE1F2886D3004CF389 /* TableViewCell.h */,
				059D37BF1F2886D3004CF389 /* TableViewCell.m */,
				059D377E1F2886B4004CF389 /* Main.storyboard */,
				059D37811F2886B4004CF389 /* Assets.xcassets */,
				059D37831F2886B4004CF389 /* LaunchScreen.storyboard */,
				059D37861F2886B4004CF389 /* Info.plist */,
				059D37751F2886B4004CF389 /* Supporting Files */,
			);
			path = "UITableView-WaterFall";
			sourceTree = "<group>";
		};
		059D37751F2886B4004CF389 /* Supporting Files */ = {
			isa = PBXGroup;
			children = (
				059D37761F2886B4004CF389 /* main.m */,
			);
			name = "Supporting Files";
			sourceTree = "<group>";
		};
		059D378E1F2886B4004CF389 /* UITableView-WaterFallTests */ = {
			isa = PBXGroup;
			children = (
				059D378F1F2886B4004CF389 /* UITableView_WaterFallTests.m */,
				059D37911F2886B4004CF389 /* Info.plist */,
			);
			path = "UITableView-WaterFallTests";
			sourceTree = "<group>";
		};
		059D37991F2886B4004CF389 /* UITableView-WaterFallUITests */ = {
			isa = PBXGroup;
			children = (
				059D379A1F2886B4004CF389 /* UITableView_WaterFallUITests.m */,
				059D379C1F2886B4004CF389 /* Info.plist */,
			);
			path = "UITableView-WaterFallUITests";
			sourceTree = "<group>";
		};
		059D37A81F2886D3004CF389 /* Car */ = {
			isa = PBXGroup;
			children = (
				059D37A91F2886D3004CF389 /* 0.jpg */,
				059D37AA1F2886D3004CF389 /* 1.jpg */,
				059D37AB1F2886D3004CF389 /* 10.jpg */,
				059D37AC1F2886D3004CF389 /* 11.jpg */,
				059D37AD1F2886D3004CF389 /* 12.jpg */,
				059D37AE1F2886D3004CF389 /* 13.jpg */,
				059D37AF1F2886D3004CF389 /* 14.jpg */,
				059D37B01F2886D3004CF389 /* 15.jpg */,
				059D37B11F2886D3004CF389 /* 16.jpg */,
				059D37B21F2886D3004CF389 /* 17.jpg */,
				059D37B31F2886D3004CF389 /* 18.jpg */,
				059D37B41F2886D3004CF389 /* 2.jpg */,
				059D37B51F2886D3004CF389 /* 3.jpg */,
				059D37B61F2886D3004CF389 /* 4.jpg */,
				059D37B71F2886D3004CF389 /* 5.jpg */,
				059D37B81F2886D3004CF389 /* 6.jpg */,
				059D37B91F2886D3004CF389 /* 7.jpg */,
				059D37BA1F2886D3004CF389 /* 8.jpg */,
				059D37BB1F2886D3004CF389 /* 9.jpg */,
			);
			path = Car;
			sourceTree = "<group>";
		};
/* End PBXGroup section */

/* Begin PBXNativeTarget section */
		059D37711F2886B4004CF389 /* UITableView-WaterFall */ = {
			isa = PBXNativeTarget;
			buildConfigurationList = 059D379F1F2886B4004CF389 /* Build configuration list for PBXNativeTarget "UITableView-WaterFall" */;
			buildPhases = (
				059D376E1F2886B4004CF389 /* Sources */,
				059D376F1F2886B4004CF389 /* Frameworks */,
				059D37701F2886B4004CF389 /* Resources */,
			);
			buildRules = (
			);
			dependencies = (
			);
			name = "UITableView-WaterFall";
			productName = "UITableView-WaterFall";
			productReference = 059D37721F2886B4004CF389 /* UITableView-WaterFall.app */;
			productType = "com.apple.product-type.application";
		};
		059D378A1F2886B4004CF389 /* UITableView-WaterFallTests */ = {
			isa = PBXNativeTarget;
			buildConfigurationList = 059D37A21F2886B4004CF389 /* Build configuration list for PBXNativeTarget "UITableView-WaterFallTests" */;
			buildPhases = (
				059D37871F2886B4004CF389 /* Sources */,
				059D37881F2886B4004CF389 /* Frameworks */,
				059D37891F2886B4004CF389 /* Resources */,
			);
			buildRules = (
			);
			dependencies = (
				059D378D1F2886B4004CF389 /* PBXTargetDependency */,
			);
			name = "UITableView-WaterFallTests";
			productName = "UITableView-WaterFallTests";
			productReference = 059D378B1F2886B4004CF389 /* UITableView-WaterFallTests.xctest */;
			productType = "com.apple.product-type.bundle.unit-test";
		};
		059D37951F2886B4004CF389 /* UITableView-WaterFallUITests */ = {
			isa = PBXNativeTarget;
			buildConfigurationList = 059D37A51F2886B4004CF389 /* Build configuration list for PBXNativeTarget "UITableView-WaterFallUITests" */;
			buildPhases = (
				059D37921F2886B4004CF389 /* Sources */,
				059D37931F2886B4004CF389 /* Frameworks */,
				059D37941F2886B4004CF389 /* Resources */,
			);
			buildRules = (
			);
			dependencies = (
				059D37981F2886B4004CF389 /* PBXTargetDependency */,
			);
			name = "UITableView-WaterFallUITests";
			productName = "UITableView-WaterFallUITests";
			productReference = 059D37961F2886B4004CF389 /* UITableView-WaterFallUITests.xctest */;
			productType = "com.apple.product-type.bundle.ui-testing";
		};
/* End PBXNativeTarget section */

/* Begin PBXProject section */
		059D376A1F2886B4004CF389 /* Project object */ = {
			isa = PBXProject;
			attributes = {
				LastUpgradeCheck = 0830;
				ORGANIZATIONNAME = xujiahui;
				TargetAttributes = {
					059D37711F2886B4004CF389 = {
						CreatedOnToolsVersion = 8.3.2;
						DevelopmentTeam = 5THF8E8SHG;
						ProvisioningStyle = Automatic;
					};
					059D378A1F2886B4004CF389 = {
						CreatedOnToolsVersion = 8.3.2;
						DevelopmentTeam = 5THF8E8SHG;
						ProvisioningStyle = Automatic;
						TestTargetID = 059D37711F2886B4004CF389;
					};
					059D37951F2886B4004CF389 = {
						CreatedOnToolsVersion = 8.3.2;
						DevelopmentTeam = 5THF8E8SHG;
						ProvisioningStyle = Automatic;
						TestTargetID = 059D37711F2886B4004CF389;
					};
				};
			};
			buildConfigurationList = 059D376D1F2886B4004CF389 /* Build configuration list for PBXProject "UITableView-WaterFall" */;
			compatibilityVersion = "Xcode 3.2";
			developmentRegion = English;
			hasScannedForEncodings = 0;
			knownRegions = (
				en,
				Base,
			);
			mainGroup = 059D37691F2886B4004CF389;
			productRefGroup = 059D37731F2886B4004CF389 /* Products */;
			projectDirPath = "";
			projectRoot = "";
			targets = (
				059D37711F2886B4004CF389 /* UITableView-WaterFall */,
				059D378A1F2886B4004CF389 /* UITableView-WaterFallTests */,
				059D37951F2886B4004CF389 /* UITableView-WaterFallUITests */,
			);
		};
/* End PBXProject section */

/* Begin PBXResourcesBuildPhase section */
		059D37701F2886B4004CF389 /* Resources */ = {
			isa = PBXResourcesBuildPhase;
			buildActionMask = 2147483647;
			files = (
				059D37C91F2886D3004CF389 /* 17.jpg in Resources */,
				059D37C61F2886D3004CF389 /* 14.jpg in Resources */,
				059D37C41F2886D3004CF389 /* 12.jpg in Resources */,
				059D37CF1F2886D3004CF389 /* 6.jpg in Resources */,
				059D37CE1F2886D3004CF389 /* 5.jpg in Resources */,
				059D37C51F2886D3004CF389 /* 13.jpg in Resources */,
				059D37D11F2886D3004CF389 /* 8.jpg in Resources */,
				059D37C01F2886D3004CF389 /* 0.jpg in Resources */,
				059D37D01F2886D3004CF389 /* 7.jpg in Resources */,
				059D37C81F2886D3004CF389 /* 16.jpg in Resources */,
				059D37851F2886B4004CF389 /* LaunchScreen.storyboard in Resources */,
				059D37D21F2886D3004CF389 /* 9.jpg in Resources */,
				059D37CD1F2886D3004CF389 /* 4.jpg in Resources */,
				059D37CC1F2886D3004CF389 /* 3.jpg in Resources */,
				059D37821F2886B4004CF389 /* Assets.xcassets in Resources */,
				059D37801F2886B4004CF389 /* Main.storyboard in Resources */,
				059D37C21F2886D3004CF389 /* 10.jpg in Resources */,
				059D37C31F2886D3004CF389 /* 11.jpg in Resources */,
				059D37C11F2886D3004CF389 /* 1.jpg in Resources */,
				059D37CB1F2886D3004CF389 /* 2.jpg in Resources */,
				059D37CA1F2886D3004CF389 /* 18.jpg in Resources */,
				059D37C71F2886D3004CF389 /* 15.jpg in Resources */,
			);
			runOnlyForDeploymentPostprocessing = 0;
		};
		059D37891F2886B4004CF389 /* Resources */ = {
			isa = PBXResourcesBuildPhase;
			buildActionMask = 2147483647;
			files = (
			);
			runOnlyForDeploymentPostprocessing = 0;
		};
		059D37941F2886B4004CF389 /* Resources */ = {
			isa = PBXResourcesBuildPhase;
			buildActionMask = 2147483647;
			files = (
			);
			runOnlyForDeploymentPostprocessing = 0;
		};
/* End PBXResourcesBuildPhase section */

/* Begin PBXSourcesBuildPhase section */
		059D376E1F2886B4004CF389 /* Sources */ = {
			isa = PBXSourcesBuildPhase;
			buildActionMask = 2147483647;
			files = (
				059D37D31F2886D3004CF389 /* ViewController.m in Sources */,
				059D37D41F2886D3004CF389 /* TableViewCell.m in Sources */,
				059D377A1F2886B4004CF389 /* AppDelegate.m in Sources */,
				059D37771F2886B4004CF389 /* main.m in Sources */,
			);
			runOnlyForDeploymentPostprocessing = 0;
		};
		059D37871F2886B4004CF389 /* Sources */ = {
			isa = PBXSourcesBuildPhase;
			buildActionMask = 2147483647;
			files = (
				059D37901F2886B4004CF389 /* UITableView_WaterFallTests.m in Sources */,
			);
			runOnlyForDeploymentPostprocessing = 0;
		};
		059D37921F2886B4004CF389 /* Sources */ = {
			isa = PBXSourcesBuildPhase;
			buildActionMask = 2147483647;
			files = (
				059D379B1F2886B4004CF389 /* UITableView_WaterFallUITests.m in Sources */,
			);
			runOnlyForDeploymentPostprocessing = 0;
		};
/* End PBXSourcesBuildPhase section */

/* Begin PBXTargetDependency section */
		059D378D1F2886B4004CF389 /* PBXTargetDependency */ = {
			isa = PBXTargetDependency;
			target = 059D37711F2886B4004CF389 /* UITableView-WaterFall */;
			targetProxy = 059D378C1F2886B4004CF389 /* PBXContainerItemProxy */;
		};
		059D37981F2886B4004CF389 /* PBXTargetDependency */ = {
			isa = PBXTargetDependency;
			target = 059D37711F2886B4004CF389 /* UITableView-WaterFall */;
			targetProxy = 059D37971F2886B4004CF389 /* PBXContainerItemProxy */;
		};
/* End PBXTargetDependency section */

/* Begin PBXVariantGroup section */
		059D377E1F2886B4004CF389 /* Main.storyboard */ = {
			isa = PBXVariantGroup;
			children = (
				059D377F1F2886B4004CF389 /* Base */,
			);
			name = Main.storyboard;
			sourceTree = "<group>";
		};
		059D37831F2886B4004CF389 /* LaunchScreen.storyboard */ = {
			isa = PBXVariantGroup;
			children = (
				059D37841F2886B4004CF389 /* Base */,
			);
			name = LaunchScreen.storyboard;
			sourceTree = "<group>";
		};
/* End PBXVariantGroup section */

/* Begin XCBuildConfiguration section */
		059D379D1F2886B4004CF389 /* Debug */ = {
			isa = XCBuildConfiguration;
			buildSettings = {
				ALWAYS_SEARCH_USER_PATHS = NO;
				CLANG_ANALYZER_NONNULL = YES;
				CLANG_ANALYZER_NUMBER_OBJECT_CONVERSION = YES_AGGRESSIVE;
				CLANG_CXX_LANGUAGE_STANDARD = "gnu++0x";
				CLANG_CXX_LIBRARY = "libc++";
				CLANG_ENABLE_MODULES = YES;
				CLANG_ENABLE_OBJC_ARC = YES;
				CLANG_WARN_BOOL_CONVERSION = YES;
				CLANG_WARN_CONSTANT_CONVERSION = YES;
				CLANG_WARN_DIRECT_OBJC_ISA_USAGE = YES_ERROR;
				CLANG_WARN_DOCUMENTATION_COMMENTS = YES;
				CLANG_WARN_EMPTY_BODY = YES;
				CLANG_WARN_ENUM_CONVERSION = YES;
				CLANG_WARN_INFINITE_RECURSION = YES;
				CLANG_WARN_INT_CONVERSION = YES;
				CLANG_WARN_OBJC_ROOT_CLASS = YES_ERROR;
				CLANG_WARN_SUSPICIOUS_MOVE = YES;
				CLANG_WARN_UNREACHABLE_CODE = YES;
				CLANG_WARN__DUPLICATE_METHOD_MATCH = YES;
				"CODE_SIGN_IDENTITY[sdk=iphoneos*]" = "iPhone Developer";
				COPY_PHASE_STRIP = NO;
				DEBUG_INFORMATION_FORMAT = dwarf;
				ENABLE_STRICT_OBJC_MSGSEND = YES;
				ENABLE_TESTABILITY = YES;
				GCC_C_LANGUAGE_STANDARD = gnu99;
				GCC_DYNAMIC_NO_PIC = NO;
				GCC_NO_COMMON_BLOCKS = YES;
				GCC_OPTIMIZATION_LEVEL = 0;
				GCC_PREPROCESSOR_DEFINITIONS = (
					"DEBUG=1",
					"$(inherited)",
				);
				GCC_WARN_64_TO_32_BIT_CONVERSION = YES;
				GCC_WARN_ABOUT_RETURN_TYPE = YES_ERROR;
				GCC_WARN_UNDECLARED_SELECTOR = YES;
				GCC_WARN_UNINITIALIZED_AUTOS = YES_AGGRESSIVE;
				GCC_WARN_UNUSED_FUNCTION = YES;
				GCC_WARN_UNUSED_VARIABLE = YES;
				IPHONEOS_DEPLOYMENT_TARGET = 10.3;
				MTL_ENABLE_DEBUG_INFO = YES;
				ONLY_ACTIVE_ARCH = YES;
				SDKROOT = iphoneos;
				TARGETED_DEVICE_FAMILY = "1,2";
			};
			name = Debug;
		};
		059D379E1F2886B4004CF389 /* Release */ = {
			isa = XCBuildConfiguration;
			buildSettings = {
				ALWAYS_SEARCH_USER_PATHS = NO;
				CLANG_ANALYZER_NONNULL = YES;
				CLANG_ANALYZER_NUMBER_OBJECT_CONVERSION = YES_AGGRESSIVE;
				CLANG_CXX_LANGUAGE_STANDARD = "gnu++0x";
				CLANG_CXX_LIBRARY = "libc++";
				CLANG_ENABLE_MODULES = YES;
				CLANG_ENABLE_OBJC_ARC = YES;
				CLANG_WARN_BOOL_CONVERSION = YES;
				CLANG_WARN_CONSTANT_CONVERSION = YES;
				CLANG_WARN_DIRECT_OBJC_ISA_USAGE = YES_ERROR;
				CLANG_WARN_DOCUMENTATION_COMMENTS = YES;
				CLANG_WARN_EMPTY_BODY = YES;
				CLANG_WARN_ENUM_CONVERSION = YES;
				CLANG_WARN_INFINITE_RECURSION = YES;
				CLANG_WARN_INT_CONVERSION = YES;
				CLANG_WARN_OBJC_ROOT_CLASS = YES_ERROR;
				CLANG_WARN_SUSPICIOUS_MOVE = YES;
				CLANG_WARN_UNREACHABLE_CODE = YES;
				CLANG_WARN__DUPLICATE_METHOD_MATCH = YES;
				"CODE_SIGN_IDENTITY[sdk=iphoneos*]" = "iPhone Developer";
				COPY_PHASE_STRIP = NO;
				DEBUG_INFORMATION_FORMAT = "dwarf-with-dsym";
				ENABLE_NS_ASSERTIONS = NO;
				ENABLE_STRICT_OBJC_MSGSEND = YES;
				GCC_C_LANGUAGE_STANDARD = gnu99;
				GCC_NO_COMMON_BLOCKS = YES;
				GCC_WARN_64_TO_32_BIT_CONVERSION = YES;
				GCC_WARN_ABOUT_RETURN_TYPE = YES_ERROR;
				GCC_WARN_UNDECLARED_SELECTOR = YES;
				GCC_WARN_UNINITIALIZED_AUTOS = YES_AGGRESSIVE;
				GCC_WARN_UNUSED_FUNCTION = YES;
				GCC_WARN_UNUSED_VARIABLE = YES;
				IPHONEOS_DEPLOYMENT_TARGET = 10.3;
				MTL_ENABLE_DEBUG_INFO = NO;
				SDKROOT = iphoneos;
				TARGETED_DEVICE_FAMILY = "1,2";
				VALIDATE_PRODUCT = YES;
			};
			name = Release;
		};
		059D37A01F2886B4004CF389 /* Debug */ = {
			isa = XCBuildConfiguration;
			buildSettings = {
				ASSETCATALOG_COMPILER_APPICON_NAME = AppIcon;
				DEVELOPMENT_TEAM = 5THF8E8SHG;
				INFOPLIST_FILE = "UITableView-WaterFall/Info.plist";
				LD_RUNPATH_SEARCH_PATHS = "$(inherited) @executable_path/Frameworks";
				PRODUCT_BUNDLE_IDENTIFIER = "com.UITableView-WaterFall";
				PRODUCT_NAME = "$(TARGET_NAME)";
			};
			name = Debug;
		};
		059D37A11F2886B4004CF389 /* Release */ = {
			isa = XCBuildConfiguration;
			buildSettings = {
				ASSETCATALOG_COMPILER_APPICON_NAME = AppIcon;
				DEVELOPMENT_TEAM = 5THF8E8SHG;
				INFOPLIST_FILE = "UITableView-WaterFall/Info.plist";
				LD_RUNPATH_SEARCH_PATHS = "$(inherited) @executable_path/Frameworks";
				PRODUCT_BUNDLE_IDENTIFIER = "com.UITableView-WaterFall";
				PRODUCT_NAME = "$(TARGET_NAME)";
			};
			name = Release;
		};
		059D37A31F2886B4004CF389 /* Debug */ = {
			isa = XCBuildConfiguration;
			buildSettings = {
				BUNDLE_LOADER = "$(TEST_HOST)";
				DEVELOPMENT_TEAM = 5THF8E8SHG;
				INFOPLIST_FILE = "UITableView-WaterFallTests/Info.plist";
				LD_RUNPATH_SEARCH_PATHS = "$(inherited) @executable_path/Frameworks @loader_path/Frameworks";
				PRODUCT_BUNDLE_IDENTIFIER = "com.UITableView-WaterFallTests";
				PRODUCT_NAME = "$(TARGET_NAME)";
				TEST_HOST = "$(BUILT_PRODUCTS_DIR)/UITableView-WaterFall.app/UITableView-WaterFall";
			};
			name = Debug;
		};
		059D37A41F2886B4004CF389 /* Release */ = {
			isa = XCBuildConfiguration;
			buildSettings = {
				BUNDLE_LOADER = "$(TEST_HOST)";
				DEVELOPMENT_TEAM = 5THF8E8SHG;
				INFOPLIST_FILE = "UITableView-WaterFallTests/Info.plist";
				LD_RUNPATH_SEARCH_PATHS = "$(inherited) @executable_path/Frameworks @loader_path/Frameworks";
				PRODUCT_BUNDLE_IDENTIFIER = "com.UITableView-WaterFallTests";
				PRODUCT_NAME = "$(TARGET_NAME)";
				TEST_HOST = "$(BUILT_PRODUCTS_DIR)/UITableView-WaterFall.app/UITableView-WaterFall";
			};
			name = Release;
		};
		059D37A61F2886B4004CF389 /* Debug */ = {
			isa = XCBuildConfiguration;
			buildSettings = {
				DEVELOPMENT_TEAM = 5THF8E8SHG;
				INFOPLIST_FILE = "UITableView-WaterFallUITests/Info.plist";
				LD_RUNPATH_SEARCH_PATHS = "$(inherited) @executable_path/Frameworks @loader_path/Frameworks";
				PRODUCT_BUNDLE_IDENTIFIER = "com.UITableView-WaterFallUITests";
				PRODUCT_NAME = "$(TARGET_NAME)";
				TEST_TARGET_NAME = "UITableView-WaterFall";
			};
			name = Debug;
		};
		059D37A71F2886B4004CF389 /* Release */ = {
			isa = XCBuildConfiguration;
			buildSettings = {
				DEVELOPMENT_TEAM = 5THF8E8SHG;
				INFOPLIST_FILE = "UITableView-WaterFallUITests/Info.plist";
				LD_RUNPATH_SEARCH_PATHS = "$(inherited) @executable_path/Frameworks @loader_path/Frameworks";
				PRODUCT_BUNDLE_IDENTIFIER = "com.UITableView-WaterFallUITests";
				PRODUCT_NAME = "$(TARGET_NAME)";
				TEST_TARGET_NAME = "UITableView-WaterFall";
			};
			name = Release;
		};
/* End XCBuildConfiguration section */

/* Begin XCConfigurationList section */
		059D376D1F2886B4004CF389 /* Build configuration list for PBXProject "UITableView-WaterFall" */ = {
			isa = XCConfigurationList;
			buildConfigurations = (
				059D379D1F2886B4004CF389 /* Debug */,
				059D379E1F2886B4004CF389 /* Release */,
			);
			defaultConfigurationIsVisible = 0;
			defaultConfigurationName = Release;
		};
		059D379F1F2886B4004CF389 /* Build configuration list for PBXNativeTarget "UITableView-WaterFall" */ = {
			isa = XCConfigurationList;
			buildConfigurations = (
				059D37A01F2886B4004CF389 /* Debug */,
				059D37A11F2886B4004CF389 /* Release */,
			);
			defaultConfigurationIsVisible = 0;
		};
		059D37A21F2886B4004CF389 /* Build configuration list for PBXNativeTarget "UITableView-WaterFallTests" */ = {
			isa = XCConfigurationList;
			buildConfigurations = (
				059D37A31F2886B4004CF389 /* Debug */,
				059D37A41F2886B4004CF389 /* Release */,
			);
			defaultConfigurationIsVisible = 0;
		};
		059D37A51F2886B4004CF389 /* Build configuration list for PBXNativeTarget "UITableView-WaterFallUITests" */ = {
			isa = XCConfigurationList;
			buildConfigurations = (
				059D37A61F2886B4004CF389 /* Debug */,
				059D37A71F2886B4004CF389 /* Release */,
			);
			defaultConfigurationIsVisible = 0;
		};
/* End XCConfigurationList section */
	};
	rootObject = 059D376A1F2886B4004CF389 /* Project object */;
}
